
Microsoft Visual Studio Solution File, Format Version 12.00
# Visual Studio 15
VisualStudioVersion = 15.0.28307.329
MinimumVisualStudioVersion = 10.0.40219.1
Project("{8BC9CEB8-8B4A-11D0-8D11-00A0C91BC942}") = "demo", "src\demo\demo.vcxproj", "{FA948CEF-9606-47B9-9A69-E71683B610DA}"
	ProjectSection(ProjectDependencies) = postProject
		{E36F3037-69FC-42E8-8798-48745069FD2A} = {E36F3037-69FC-42E8-8798-48745069FD2A}
		{B3BE3697-E3FD-4191-8230-4691C14EA1CB} = {B3BE3697-E3FD-4191-8230-4691C14EA1CB}
		{EA21D6AB-53D4-41BC-8CDB-65C96B52386E} = {EA21D6AB-53D4-41BC-8CDB-65C96B52386E}
		{81E95FE8-21BF-45AD-9D49-334D43D9302E} = {81E95FE8-21BF-45AD-9D49-334D43D9302E}
	EndProjectSection
EndProject
Project("{8BC9CEB8-8B4A-11D0-8D11-00A0C91BC942}") = "map_compiler", "src\tools\map_compiler\map_compiler.vcxproj", "{E36F3037-69FC-42E8-8798-48745069FD2A}"
EndProject
Project("{8BC9CEB8-8B4A-11D0-8D11-00A0C91BC942}") = "model_compiler", "src\tools\model_compiler\model_compiler.vcxproj", "{B3BE3697-E3FD-4191-8230-4691C14EA1CB}"
EndProject
Project("{8BC9CEB8-8B4A-11D0-8D11-00A0C91BC942}") = "shader_compiler", "src\tools\shader_compiler\shader_compiler.vcxproj", "{81E95FE8-21BF-45AD-9D49-334D43D9302E}"
EndProject
Project("{8BC9CEB8-8B4A-11D0-8D11-00A0C91BC942}") = "shader_compiler_dll", "src\tools\shader_compiler\shader_compiler_dll.vcxproj", "{EA21D6AB-53D4-41BC-8CDB-65C96B52386E}"
EndProject
Global
	GlobalSection(SolutionConfigurationPlatforms) = preSolution
		Debug|x64 = Debug|x64
		Debug|x86 = Debug|x86
		Release|x64 = Release|x64
		Release|x86 = Release|x86
	EndGlobalSection
	GlobalSection(ProjectConfigurationPlatforms) = postSolution
		{FA948CEF-9606-47B9-9A69-E71683B610DA}.Debug|x64.ActiveCfg = Debug|x64
		{FA948CEF-9606-47B9-9A69-E71683B610DA}.Debug|x64.Build.0 = Debug|x64
		{FA948CEF-9606-47B9-9A69-E71683B610DA}.Debug|x86.ActiveCfg = Debug|Win32
		{FA948CEF-9606-47B9-9A69-E71683B610DA}.Debug|x86.Build.0 = Debug|Win32
		{FA948CEF-9606-47B9-9A69-E71683B610DA}.Release|x64.ActiveCfg = Release|x64
		{FA948CEF-9606-47B9-9A69-E71683B610DA}.Release|x64.Build.0 = Release|x64
		{FA948CEF-9606-47B9-9A69-E71683B610DA}.Release|x86.ActiveCfg = Release|Win32
		{FA948CEF-9606-47B9-9A69-E71683B610DA}.Release|x86.Build.0 = Release|Win32
		{E36F3037-69FC-42E8-8798-48745069FD2A}.Debug|x64.ActiveCfg = Debug|x64
		{E36F3037-69FC-42E8-8798-48745069FD2A}.Debug|x64.Build.0 = Debug|x64
		{E36F3037-69FC-42E8-8798-48745069FD2A}.Debug|x86.ActiveCfg = Debug|Win32
		{E36F3037-69FC-42E8-8798-48745069FD2A}.Debug|x86.Build.0 = Debug|Win32
		{E36F3037-69FC-42E8-8798-48745069FD2A}.Release|x64.ActiveCfg = Release|x64
		{E36F3037-69FC-42E8-8798-48745069FD2A}.Release|x64.Build.0 = Release|x64
		{E36F3037-69FC-42E8-8798-48745069FD2A}.Release|x86.ActiveCfg = Release|Win32
		{E36F3037-69FC-42E8-8798-48745069FD2A}.Release|x86.Build.0 = Release|Win32
		{B3BE3697-E3FD-4191-8230-4691C14EA1CB}.Debug|x64.ActiveCfg = Debug|x64
		{B3BE3697-E3FD-4191-8230-4691C14EA1CB}.Debug|x64.Build.0 = Debug|x64
		{B3BE3697-E3FD-4191-8230-4691C14EA1CB}.Debug|x86.ActiveCfg = Debug|Win32
		{B3BE3697-E3FD-4191-8230-4691C14EA1CB}.Debug|x86.Build.0 = Debug|Win32
		{B3BE3697-E3FD-4191-8230-4691C14EA1CB}.Release|x64.ActiveCfg = Release|x64
		{B3BE3697-E3FD-4191-8230-4691C14EA1CB}.Release|x64.Build.0 = Release|x64
		{B3BE3697-E3FD-4191-8230-4691C14EA1CB}.Release|x86.ActiveCfg = Release|Win32
		{B3BE3697-E3FD-4191-8230-4691C14EA1CB}.Release|x86.Build.0 = Release|Win32
		{81E95FE8-21BF-45AD-9D49-334D43D9302E}.Debug|x64.ActiveCfg = Debug|x64
		{81E95FE8-21BF-45AD-9D49-334D43D9302E}.Debug|x64.Build.0 = Debug|x64
		{81E95FE8-21BF-45AD-9D49-334D43D9302E}.Debug|x86.ActiveCfg = Debug|Win32
		{81E95FE8-21BF-45AD-9D49-334D43D9302E}.Debug|x86.Build.0 = Debug|Win32
		{81E95FE8-21BF-45AD-9D49-334D43D9302E}.Release|x64.ActiveCfg = Release|x64
		{81E95FE8-21BF-45AD-9D49-334D43D9302E}.Release|x64.Build.0 = Release|x64
		{81E95FE8-21BF-45AD-9D49-334D43D9302E}.Release|x86.ActiveCfg = Release|Win32
		{81E95FE8-21BF-45AD-9D49-334D43D9302E}.Release|x86.Build.0 = Release|Win32
		{EA21D6AB-53D4-41BC-8CDB-65C96B52386E}.Debug|x64.ActiveCfg = Debug|x64
		{EA21D6AB-53D4-41BC-8CDB-65C96B52386E}.Debug|x64.Build.0 = Debug|x64
		{EA21D6AB-53D4-41BC-8CDB-65C96B52386E}.Debug|x86.ActiveCfg = Debug|Win32
		{EA21D6AB-53D4-41BC-8CDB-65C96B52386E}.Debug|x86.Build.0 = Debug|Win32
		{EA21D6AB-53D4-41BC-8CDB-65C96B52386E}.Release|x64.ActiveCfg = Release|x64
		{EA21D6AB-53D4-41BC-8CDB-65C96B52386E}.Release|x64.Build.0 = Release|x64
		{EA21D6AB-53D4-41BC-8CDB-65C96B52386E}.Release|x86.ActiveCfg = Release|Win32
		{EA21D6AB-53D4-41BC-8CDB-65C96B52386E}.Release|x86.Build.0 = Release|Win32
	EndGlobalSection
	GlobalSection(SolutionProperties) = preSolution
		HideSolutionNode = FALSE
	EndGlobalSection
	GlobalSection(ExtensibilityGlobals) = postSolution
		SolutionGuid = {5DAC68E6-9EEF-4541-BB8D-1DA2FDAEE250}
	EndGlobalSection
EndGlobal
