
Microsoft Visual Studio Solution File, Format Version 12.00
# Visual Studio 15
VisualStudioVersion = 15.0.28307.329
MinimumVisualStudioVersion = 10.0.40219.1
Project("{8BC9CEB8-8B4A-11D0-8D11-00A0C91BC942}") = "demo", "demo.vcxproj", "{FA948CEF-9606-47B9-9A69-E71683B610DA}"
EndProject
Project("{8BC9CEB8-8B4A-11D0-8D11-00A0C91BC942}") = "map_compiler", "src\tools\map_compiler\map_compiler.vcxproj", "{E36F3037-69FC-42E8-8798-48745069FD2A}"
EndProject
Global
	GlobalSection(SolutionConfigurationPlatforms) = preSolution
		Debug|x64 = Debug|x64
		Debug|x86 = Debug|x86
		Release|x64 = Release|x64
		Release|x86 = Release|x86
	EndGlobalSection
	GlobalSection(ProjectConfigurationPlatforms) = postSolution
		{FA948CEF-9606-47B9-9A69-E71683B610DA}.Debug|x64.ActiveCfg = Debug|x64
		{FA948CEF-9606-47B9-9A69-E71683B610DA}.Debug|x64.Build.0 = Debug|x64
		{FA948CEF-9606-47B9-9A69-E71683B610DA}.Debug|x86.ActiveCfg = Debug|Win32
		{FA948CEF-9606-47B9-9A69-E71683B610DA}.Debug|x86.Build.0 = Debug|Win32
		{FA948CEF-9606-47B9-9A69-E71683B610DA}.Release|x64.ActiveCfg = Release|x64
		{FA948CEF-9606-47B9-9A69-E71683B610DA}.Release|x64.Build.0 = Release|x64
		{FA948CEF-9606-47B9-9A69-E71683B610DA}.Release|x86.ActiveCfg = Release|Win32
		{FA948CEF-9606-47B9-9A69-E71683B610DA}.Release|x86.Build.0 = Release|Win32
		{E36F3037-69FC-42E8-8798-48745069FD2A}.Debug|x64.ActiveCfg = Debug|x64
		{E36F3037-69FC-42E8-8798-48745069FD2A}.Debug|x64.Build.0 = Debug|x64
		{E36F3037-69FC-42E8-8798-48745069FD2A}.Debug|x86.ActiveCfg = Debug|Win32
		{E36F3037-69FC-42E8-8798-48745069FD2A}.Debug|x86.Build.0 = Debug|Win32
		{E36F3037-69FC-42E8-8798-48745069FD2A}.Release|x64.ActiveCfg = Release|x64
		{E36F3037-69FC-42E8-8798-48745069FD2A}.Release|x64.Build.0 = Release|x64
		{E36F3037-69FC-42E8-8798-48745069FD2A}.Release|x86.ActiveCfg = Release|Win32
		{E36F3037-69FC-42E8-8798-48745069FD2A}.Release|x86.Build.0 = Release|Win32
	EndGlobalSection
	GlobalSection(SolutionProperties) = preSolution
		HideSolutionNode = FALSE
	EndGlobalSection
	GlobalSection(ExtensibilityGlobals) = postSolution
		SolutionGuid = {5DAC68E6-9EEF-4541-BB8D-1DA2FDAEE250}
	EndGlobalSection
EndGlobal
